
Microsoft Visual Studio Solution File, Format Version 12.00
# Visual Studio Version 16
VisualStudioVersion = 16.0.31004.235
MinimumVisualStudioVersion = 10.0.40219.1
Project("{9A19103F-16F7-4668-BE54-9A1E7A4F7556}") = "MyFunctionProj", "MyFunctionProj.csproj", "{2A5A3A22-F17C-44DB-9224-F3CE2F5477CC}"
EndProject
Global
	GlobalSection(SolutionConfigurationPlatforms) = preSolution
		Debug|Any CPU = Debug|Any CPU
		Release|Any CPU = Release|Any CPU
	EndGlobalSection
	GlobalSection(ProjectConfigurationPlatforms) = postSolution
		{2A5A3A22-F17C-44DB-9224-F3CE2F5477CC}.Debug|Any CPU.ActiveCfg = Debug|Any CPU
		{2A5A3A22-F17C-44DB-9224-F3CE2F5477CC}.Debug|Any CPU.Build.0 = Debug|Any CPU
		{2A5A3A22-F17C-44DB-9224-F3CE2F5477CC}.Release|Any CPU.ActiveCfg = Release|Any CPU
		{2A5A3A22-F17C-44DB-9224-F3CE2F5477CC}.Release|Any CPU.Build.0 = Release|Any CPU
	EndGlobalSection
	GlobalSection(SolutionProperties) = preSolution
		HideSolutionNode = FALSE
	EndGlobalSection
	GlobalSection(ExtensibilityGlobals) = postSolution
		SolutionGuid = {A3A4CAA7-6C04-4121-9D33-5759852B110A}
	EndGlobalSection
EndGlobal
